
Microsoft Visual Studio Solution File, Format Version 12.00
# Visual Studio Version 17
VisualStudioVersion = 17.4.33213.308
MinimumVisualStudioVersion = 10.0.40219.1
Project("{FAE04EC0-301F-11D3-BF4B-00C04F79EFBC}") = "SalesWebMVC", "SalesWebMVC\SalesWebMVC.csproj", "{B9F0DB9C-5D1F-4172-8548-64CB5BBD639E}"
EndProject
Global
	GlobalSection(SolutionConfigurationPlatforms) = preSolution
		Debug|Any CPU = Debug|Any CPU
		Release|Any CPU = Release|Any CPU
	EndGlobalSection
	GlobalSection(ProjectConfigurationPlatforms) = postSolution
		{B9F0DB9C-5D1F-4172-8548-64CB5BBD639E}.Debug|Any CPU.ActiveCfg = Debug|Any CPU
		{B9F0DB9C-5D1F-4172-8548-64CB5BBD639E}.Debug|Any CPU.Build.0 = Debug|Any CPU
		{B9F0DB9C-5D1F-4172-8548-64CB5BBD639E}.Release|Any CPU.ActiveCfg = Release|Any CPU
		{B9F0DB9C-5D1F-4172-8548-64CB5BBD639E}.Release|Any CPU.Build.0 = Release|Any CPU
	EndGlobalSection
	GlobalSection(SolutionProperties) = preSolution
		HideSolutionNode = FALSE
	EndGlobalSection
	GlobalSection(ExtensibilityGlobals) = postSolution
		SolutionGuid = {8998D16D-3636-4D70-A5A8-CF3385E3F517}
	EndGlobalSection
EndGlobal
